{
  "name": "Learning-WebGL",
  "version": "1.0.0",
  "lockfileVersion": 2,
  "requires": true,
  "packages": {
    "": {
      "name": "Learning-WebGL",
      "version": "1.0.0",
      "license": "MIT",
      "dependencies": {
        "@three-ts/orbit-controls": "^1.4.7",
        "stats": "^1.0.0",
        "three": "^0.141.0"
      }
    },
    "node_modules/@three-ts/orbit-controls": {
      "version": "1.4.7",
      "resolved": "https://registry.npmjs.org/@three-ts/orbit-controls/-/orbit-controls-1.4.7.tgz",
      "integrity": "sha512-1OVZnc2VTHCoHberL50LBbltjnqVpOBhmuJwKPqzn6sThQwvVU1E13cpuJ2SWWOMoMLF+4hE3ICi4KHsZA/CJw==",
      "dependencies": {
        "three": "^0.126.1"
      }
    },
    "node_modules/@three-ts/orbit-controls/node_modules/three": {
      "version": "0.126.1",
      "resolved": "https://registry.npmjs.org/three/-/three-0.126.1.tgz",
      "integrity": "sha512-eOEXnZeE1FDV0XgL1u08auIP13jxdN9LQBAEmlErYzMxtIIfuGIAZbijOyookALUhqVzVOx0Tywj6n192VM+nQ=="
    },
    "node_modules/commander": {
      "version": "0.5.2",
      "resolved": "https://registry.npmjs.org/commander/-/commander-0.5.2.tgz",
      "integrity": "sha512-/IKo89++b1UhClEhWvKk00gKgw6iwvwD8TOPTqqN9AyvjgPCnf9OrjnDNY3dPDOj+K+OhN9SRjYQH0AfX0bROw==",
      "engines": {
        "node": ">= 0.4.x"
      }
    },
    "node_modules/stats": {
      "version": "1.0.0",
      "resolved": "https://registry.npmjs.org/stats/-/stats-1.0.0.tgz",
      "integrity": "sha1-Sj9j2BvVLN7O4xPazxVyr/V7fSk= sha512-YmKiMSrDaYA8Iu8/mPbZQmQLfzUrCstea60zPLkBMjpUveRh89GLipU/7AuMRAAX3aMmnseSuJtkgpPv29VoqA==",
      "dependencies": {
        "commander": "0.5.2"
      },
      "bin": {
        "stats": "bin/stats"
      },
      "engines": {
        "node": ">=0.4.x"
      }
    },
    "node_modules/three": {
      "version": "0.141.0",
      "resolved": "https://registry.npmjs.org/three/-/three-0.141.0.tgz",
      "integrity": "sha512-JaSDAPWuk4RTzG5BYRQm8YZbERUxTfTDVouWgHMisS2to4E5fotMS9F2zPFNOIJyEFTTQDDKPpsgZVThKU3pXA=="
    }
  },
  "dependencies": {
    "@three-ts/orbit-controls": {
      "version": "1.4.7",
      "resolved": "https://registry.npmjs.org/@three-ts/orbit-controls/-/orbit-controls-1.4.7.tgz",
      "integrity": "sha512-1OVZnc2VTHCoHberL50LBbltjnqVpOBhmuJwKPqzn6sThQwvVU1E13cpuJ2SWWOMoMLF+4hE3ICi4KHsZA/CJw==",
      "requires": {
        "three": "^0.126.1"
      },
      "dependencies": {
        "three": {
          "version": "0.126.1",
          "resolved": "https://registry.npmjs.org/three/-/three-0.126.1.tgz",
          "integrity": "sha512-eOEXnZeE1FDV0XgL1u08auIP13jxdN9LQBAEmlErYzMxtIIfuGIAZbijOyookALUhqVzVOx0Tywj6n192VM+nQ=="
        }
      }
    },
    "commander": {
      "version": "0.5.2",
      "resolved": "https://registry.npmjs.org/commander/-/commander-0.5.2.tgz",
      "integrity": "sha512-/IKo89++b1UhClEhWvKk00gKgw6iwvwD8TOPTqqN9AyvjgPCnf9OrjnDNY3dPDOj+K+OhN9SRjYQH0AfX0bROw=="
    },
    "stats": {
      "version": "1.0.0",
      "resolved": "https://registry.npmjs.org/stats/-/stats-1.0.0.tgz",
      "integrity": "sha1-Sj9j2BvVLN7O4xPazxVyr/V7fSk= sha512-YmKiMSrDaYA8Iu8/mPbZQmQLfzUrCstea60zPLkBMjpUveRh89GLipU/7AuMRAAX3aMmnseSuJtkgpPv29VoqA==",
      "requires": {
        "commander": "0.5.2"
      }
    },
    "three": {
      "version": "0.141.0",
      "resolved": "https://registry.npmjs.org/three/-/three-0.141.0.tgz",
      "integrity": "sha512-JaSDAPWuk4RTzG5BYRQm8YZbERUxTfTDVouWgHMisS2to4E5fotMS9F2zPFNOIJyEFTTQDDKPpsgZVThKU3pXA=="
    }
  }
}
