# THIS IS AN AUTOGENERATED FILE. DO NOT EDIT THIS FILE DIRECTLY.
# yarn lockfile v1


"@three-ts/orbit-controls@^1.4.7":
  "integrity" "sha512-1OVZnc2VTHCoHberL50LBbltjnqVpOBhmuJwKPqzn6sThQwvVU1E13cpuJ2SWWOMoMLF+4hE3ICi4KHsZA/CJw=="
  "resolved" "https://registry.npmjs.org/@three-ts/orbit-controls/-/orbit-controls-1.4.7.tgz"
  "version" "1.4.7"
  dependencies:
    "three" "^0.126.1"

"commander@0.5.2":
  "integrity" "sha512-/IKo89++b1UhClEhWvKk00gKgw6iwvwD8TOPTqqN9AyvjgPCnf9OrjnDNY3dPDOj+K+OhN9SRjYQH0AfX0bROw=="
  "resolved" "https://registry.npmjs.org/commander/-/commander-0.5.2.tgz"
  "version" "0.5.2"

"stats@^1.0.0":
  "integrity" "sha1-Sj9j2BvVLN7O4xPazxVyr/V7fSk= sha512-YmKiMSrDaYA8Iu8/mPbZQmQLfzUrCstea60zPLkBMjpUveRh89GLipU/7AuMRAAX3aMmnseSuJtkgpPv29VoqA=="
  "resolved" "https://registry.npmjs.org/stats/-/stats-1.0.0.tgz"
  "version" "1.0.0"
  dependencies:
    "commander" "0.5.2"

"three@^0.126.1":
  "integrity" "sha512-eOEXnZeE1FDV0XgL1u08auIP13jxdN9LQBAEmlErYzMxtIIfuGIAZbijOyookALUhqVzVOx0Tywj6n192VM+nQ=="
  "resolved" "https://registry.npmjs.org/three/-/three-0.126.1.tgz"
  "version" "0.126.1"

"three@^0.141.0":
  "integrity" "sha512-JaSDAPWuk4RTzG5BYRQm8YZbERUxTfTDVouWgHMisS2to4E5fotMS9F2zPFNOIJyEFTTQDDKPpsgZVThKU3pXA=="
  "resolved" "https://registry.npmjs.org/three/-/three-0.141.0.tgz"
  "version" "0.141.0"
